
Microsoft Visual Studio Solution File, Format Version 12.00
# Visual Studio Version 16
VisualStudioVersion = 16.0.31605.320
MinimumVisualStudioVersion = 10.0.40219.1
Project("{FAE04EC0-301F-11D3-BF4B-00C04F79EFBC}") = "Obj 4.3.11", "Obj 4.3.11.csproj", "{E0B08D3E-6FD0-493C-ADCB-882BF730C3D3}"
EndProject
Global
	GlobalSection(SolutionConfigurationPlatforms) = preSolution
		Debug|Any CPU = Debug|Any CPU
		Release|Any CPU = Release|Any CPU
	EndGlobalSection
	GlobalSection(ProjectConfigurationPlatforms) = postSolution
		{E0B08D3E-6FD0-493C-ADCB-882BF730C3D3}.Debug|Any CPU.ActiveCfg = Debug|Any CPU
		{E0B08D3E-6FD0-493C-ADCB-882BF730C3D3}.Debug|Any CPU.Build.0 = Debug|Any CPU
		{E0B08D3E-6FD0-493C-ADCB-882BF730C3D3}.Release|Any CPU.ActiveCfg = Release|Any CPU
		{E0B08D3E-6FD0-493C-ADCB-882BF730C3D3}.Release|Any CPU.Build.0 = Release|Any CPU
	EndGlobalSection
	GlobalSection(SolutionProperties) = preSolution
		HideSolutionNode = FALSE
	EndGlobalSection
	GlobalSection(ExtensibilityGlobals) = postSolution
		SolutionGuid = {BD9D8E0B-3C7D-4315-AB7D-4C17519C9259}
	EndGlobalSection
EndGlobal
